
Microsoft Visual Studio Solution File, Format Version 12.00
# Visual Studio Version 16
VisualStudioVersion = 16.0.31402.337
MinimumVisualStudioVersion = 10.0.40219.1
Project("{FAE04EC0-301F-11D3-BF4B-00C04F79EFBC}") = "PROJEKTU SKRYPTU EBAZA", "PROJEKTU SKRYPTU EBAZA\PROJEKTU SKRYPTU EBAZA.csproj", "{7136F6CE-56C6-4E31-BDBE-1B12F438707D}"
EndProject
Global
	GlobalSection(SolutionConfigurationPlatforms) = preSolution
		Debug|Any CPU = Debug|Any CPU
		Release|Any CPU = Release|Any CPU
	EndGlobalSection
	GlobalSection(ProjectConfigurationPlatforms) = postSolution
		{7136F6CE-56C6-4E31-BDBE-1B12F438707D}.Debug|Any CPU.ActiveCfg = Debug|Any CPU
		{7136F6CE-56C6-4E31-BDBE-1B12F438707D}.Debug|Any CPU.Build.0 = Debug|Any CPU
		{7136F6CE-56C6-4E31-BDBE-1B12F438707D}.Release|Any CPU.ActiveCfg = Release|Any CPU
		{7136F6CE-56C6-4E31-BDBE-1B12F438707D}.Release|Any CPU.Build.0 = Release|Any CPU
	EndGlobalSection
	GlobalSection(SolutionProperties) = preSolution
		HideSolutionNode = FALSE
	EndGlobalSection
	GlobalSection(ExtensibilityGlobals) = postSolution
		SolutionGuid = {E977162C-2013-4535-BECF-8A23E4A50D45}
	EndGlobalSection
EndGlobal
